
Microsoft Visual Studio Solution File, Format Version 12.00
# Visual Studio Version 17
VisualStudioVersion = 17.0.32014.148
MinimumVisualStudioVersion = 10.0.40219.1
Project("{FAE04EC0-301F-11D3-BF4B-00C04F79EFBC}") = "Practice 1", "Practice 1\Practice 1.csproj", "{80DB89B7-9269-43F6-BB6A-217D67D78760}"
EndProject
Global
	GlobalSection(SolutionConfigurationPlatforms) = preSolution
		Debug|Any CPU = Debug|Any CPU
		Release|Any CPU = Release|Any CPU
	EndGlobalSection
	GlobalSection(ProjectConfigurationPlatforms) = postSolution
		{80DB89B7-9269-43F6-BB6A-217D67D78760}.Debug|Any CPU.ActiveCfg = Debug|Any CPU
		{80DB89B7-9269-43F6-BB6A-217D67D78760}.Debug|Any CPU.Build.0 = Debug|Any CPU
		{80DB89B7-9269-43F6-BB6A-217D67D78760}.Release|Any CPU.ActiveCfg = Release|Any CPU
		{80DB89B7-9269-43F6-BB6A-217D67D78760}.Release|Any CPU.Build.0 = Release|Any CPU
	EndGlobalSection
	GlobalSection(SolutionProperties) = preSolution
		HideSolutionNode = FALSE
	EndGlobalSection
	GlobalSection(ExtensibilityGlobals) = postSolution
		SolutionGuid = {4A1DC292-4D38-433A-A57D-5DDA0C08BF2F}
	EndGlobalSection
EndGlobal
